
Microsoft Visual Studio Solution File, Format Version 12.00
# Visual Studio Version 17
VisualStudioVersion = 17.14.36518.9
MinimumVisualStudioVersion = 10.0.40219.1
Project("{8BC9CEB8-8B4A-11D0-8D11-00A0C91BC942}") = "ZadorozhnyAlbert", "ZadorozhnyAlbert\ZadorozhnyAlbert.vcxproj", "{B549BC00-2CE9-4665-AE2D-CC3CE25E7375}"
EndProject
Project("{8BC9CEB8-8B4A-11D0-8D11-00A0C91BC942}") = "lesson2", "lesson2\lesson2.vcxproj", "{F742CBFE-7214-4B0A-9D77-2664E0BEDAED}"
EndProject
Project("{8BC9CEB8-8B4A-11D0-8D11-00A0C91BC942}") = "lesson3", "lesson3\lesson3.vcxproj", "{F7EF9CB2-219D-4CBC-B68C-BE05C945C6CF}"
EndProject
Project("{8BC9CEB8-8B4A-11D0-8D11-00A0C91BC942}") = "lesson4", "lesson4\lesson4.vcxproj", "{62E665E8-7238-4029-9BA5-F1000F59F7DF}"
EndProject
Project("{8BC9CEB8-8B4A-11D0-8D11-00A0C91BC942}") = "Lesson 5", "Lessen 5\Lessen 5.vcxproj", "{6D403C4F-DD93-42FD-9239-A7265CDFAEFC}"
EndProject
Project("{8BC9CEB8-8B4A-11D0-8D11-00A0C91BC942}") = "lesson 6", "lesson 6\lesson 6.vcxproj", "{3C8606A0-DE73-409F-8694-9BE30FDEDAC6}"
EndProject
Project("{8BC9CEB8-8B4A-11D0-8D11-00A0C91BC942}") = "practica", "practica\practica.vcxproj", "{3CEF8E4D-706E-4695-9A76-D4934FF0B557}"
EndProject
Project("{8BC9CEB8-8B4A-11D0-8D11-00A0C91BC942}") = "practica4zadacha", "practica4zadacha\practica4zadacha.vcxproj", "{DC3CA697-6539-4707-B0C9-0FC6EE08CCF6}"
EndProject
Project("{8BC9CEB8-8B4A-11D0-8D11-00A0C91BC942}") = "practic2", "practic2\practic2.vcxproj", "{C304891B-08B6-440E-9408-4275B9BE218C}"
EndProject
Project("{8BC9CEB8-8B4A-11D0-8D11-00A0C91BC942}") = "practic3", "practic3\practic3.vcxproj", "{17B50B4F-32D8-415D-AA96-FAE5879A5F00}"
EndProject
Project("{8BC9CEB8-8B4A-11D0-8D11-00A0C91BC942}") = "practic4", "practic4\practic4.vcxproj", "{53336A79-48D2-497C-88F7-C9FC4CD94537}"
EndProject
Project("{8BC9CEB8-8B4A-11D0-8D11-00A0C91BC942}") = "practica_def", "practica_def\practica_def.vcxproj", "{3BC90FE4-0E09-4518-9BE0-0E99435BD597}"
EndProject
Project("{8BC9CEB8-8B4A-11D0-8D11-00A0C91BC942}") = "lesone 69", "lesone 69\lesone 69.vcxproj", "{0ACF5B9E-48B0-4857-97BA-6A41BA3EE1A0}"
EndProject
Project("{8BC9CEB8-8B4A-11D0-8D11-00A0C91BC942}") = "practic_rec", "practic_rec\practic_rec.vcxproj", "{0C289F05-B044-4599-B2BB-F04C61E33B0B}"
EndProject
Project("{8BC9CEB8-8B4A-11D0-8D11-00A0C91BC942}") = "pamat", "pamat\pamat.vcxproj", "{53DA1726-C9F1-4485-BD9E-4185BF8014AF}"
EndProject
Project("{8BC9CEB8-8B4A-11D0-8D11-00A0C91BC942}") = "class", "class\class.vcxproj", "{9157C498-EC1D-4DF6-8CB8-9440E8971121}"
EndProject
Project("{8BC9CEB8-8B4A-11D0-8D11-00A0C91BC942}") = "posled", "posled\posled.vcxproj", "{72FA7C36-4CB7-4034-9B7E-08C344FB62C3}"
EndProject
Global
	GlobalSection(SolutionConfigurationPlatforms) = preSolution
		Debug|x64 = Debug|x64
		Debug|x86 = Debug|x86
		Release|x64 = Release|x64
		Release|x86 = Release|x86
	EndGlobalSection
	GlobalSection(ProjectConfigurationPlatforms) = postSolution
		{B549BC00-2CE9-4665-AE2D-CC3CE25E7375}.Debug|x64.ActiveCfg = Debug|x64
		{B549BC00-2CE9-4665-AE2D-CC3CE25E7375}.Debug|x64.Build.0 = Debug|x64
		{B549BC00-2CE9-4665-AE2D-CC3CE25E7375}.Debug|x86.ActiveCfg = Debug|Win32
		{B549BC00-2CE9-4665-AE2D-CC3CE25E7375}.Debug|x86.Build.0 = Debug|Win32
		{B549BC00-2CE9-4665-AE2D-CC3CE25E7375}.Release|x64.ActiveCfg = Release|x64
		{B549BC00-2CE9-4665-AE2D-CC3CE25E7375}.Release|x64.Build.0 = Release|x64
		{B549BC00-2CE9-4665-AE2D-CC3CE25E7375}.Release|x86.ActiveCfg = Release|Win32
		{B549BC00-2CE9-4665-AE2D-CC3CE25E7375}.Release|x86.Build.0 = Release|Win32
		{F742CBFE-7214-4B0A-9D77-2664E0BEDAED}.Debug|x64.ActiveCfg = Debug|x64
		{F742CBFE-7214-4B0A-9D77-2664E0BEDAED}.Debug|x64.Build.0 = Debug|x64
		{F742CBFE-7214-4B0A-9D77-2664E0BEDAED}.Debug|x86.ActiveCfg = Debug|Win32
		{F742CBFE-7214-4B0A-9D77-2664E0BEDAED}.Debug|x86.Build.0 = Debug|Win32
		{F742CBFE-7214-4B0A-9D77-2664E0BEDAED}.Release|x64.ActiveCfg = Release|x64
		{F742CBFE-7214-4B0A-9D77-2664E0BEDAED}.Release|x64.Build.0 = Release|x64
		{F742CBFE-7214-4B0A-9D77-2664E0BEDAED}.Release|x86.ActiveCfg = Release|Win32
		{F742CBFE-7214-4B0A-9D77-2664E0BEDAED}.Release|x86.Build.0 = Release|Win32
		{F7EF9CB2-219D-4CBC-B68C-BE05C945C6CF}.Debug|x64.ActiveCfg = Debug|x64
		{F7EF9CB2-219D-4CBC-B68C-BE05C945C6CF}.Debug|x64.Build.0 = Debug|x64
		{F7EF9CB2-219D-4CBC-B68C-BE05C945C6CF}.Debug|x86.ActiveCfg = Debug|Win32
		{F7EF9CB2-219D-4CBC-B68C-BE05C945C6CF}.Debug|x86.Build.0 = Debug|Win32
		{F7EF9CB2-219D-4CBC-B68C-BE05C945C6CF}.Release|x64.ActiveCfg = Release|x64
		{F7EF9CB2-219D-4CBC-B68C-BE05C945C6CF}.Release|x64.Build.0 = Release|x64
		{F7EF9CB2-219D-4CBC-B68C-BE05C945C6CF}.Release|x86.ActiveCfg = Release|Win32
		{F7EF9CB2-219D-4CBC-B68C-BE05C945C6CF}.Release|x86.Build.0 = Release|Win32
		{62E665E8-7238-4029-9BA5-F1000F59F7DF}.Debug|x64.ActiveCfg = Debug|x64
		{62E665E8-7238-4029-9BA5-F1000F59F7DF}.Debug|x64.Build.0 = Debug|x64
		{62E665E8-7238-4029-9BA5-F1000F59F7DF}.Debug|x86.ActiveCfg = Debug|Win32
		{62E665E8-7238-4029-9BA5-F1000F59F7DF}.Debug|x86.Build.0 = Debug|Win32
		{62E665E8-7238-4029-9BA5-F1000F59F7DF}.Release|x64.ActiveCfg = Release|x64
		{62E665E8-7238-4029-9BA5-F1000F59F7DF}.Release|x64.Build.0 = Release|x64
		{62E665E8-7238-4029-9BA5-F1000F59F7DF}.Release|x86.ActiveCfg = Release|Win32
		{62E665E8-7238-4029-9BA5-F1000F59F7DF}.Release|x86.Build.0 = Release|Win32
		{6D403C4F-DD93-42FD-9239-A7265CDFAEFC}.Debug|x64.ActiveCfg = Debug|x64
		{6D403C4F-DD93-42FD-9239-A7265CDFAEFC}.Debug|x64.Build.0 = Debug|x64
		{6D403C4F-DD93-42FD-9239-A7265CDFAEFC}.Debug|x86.ActiveCfg = Debug|Win32
		{6D403C4F-DD93-42FD-9239-A7265CDFAEFC}.Debug|x86.Build.0 = Debug|Win32
		{6D403C4F-DD93-42FD-9239-A7265CDFAEFC}.Release|x64.ActiveCfg = Release|x64
		{6D403C4F-DD93-42FD-9239-A7265CDFAEFC}.Release|x64.Build.0 = Release|x64
		{6D403C4F-DD93-42FD-9239-A7265CDFAEFC}.Release|x86.ActiveCfg = Release|Win32
		{6D403C4F-DD93-42FD-9239-A7265CDFAEFC}.Release|x86.Build.0 = Release|Win32
		{3C8606A0-DE73-409F-8694-9BE30FDEDAC6}.Debug|x64.ActiveCfg = Debug|x64
		{3C8606A0-DE73-409F-8694-9BE30FDEDAC6}.Debug|x64.Build.0 = Debug|x64
		{3C8606A0-DE73-409F-8694-9BE30FDEDAC6}.Debug|x86.ActiveCfg = Debug|Win32
		{3C8606A0-DE73-409F-8694-9BE30FDEDAC6}.Debug|x86.Build.0 = Debug|Win32
		{3C8606A0-DE73-409F-8694-9BE30FDEDAC6}.Release|x64.ActiveCfg = Release|x64
		{3C8606A0-DE73-409F-8694-9BE30FDEDAC6}.Release|x64.Build.0 = Release|x64
		{3C8606A0-DE73-409F-8694-9BE30FDEDAC6}.Release|x86.ActiveCfg = Release|Win32
		{3C8606A0-DE73-409F-8694-9BE30FDEDAC6}.Release|x86.Build.0 = Release|Win32
		{3CEF8E4D-706E-4695-9A76-D4934FF0B557}.Debug|x64.ActiveCfg = Debug|x64
		{3CEF8E4D-706E-4695-9A76-D4934FF0B557}.Debug|x64.Build.0 = Debug|x64
		{3CEF8E4D-706E-4695-9A76-D4934FF0B557}.Debug|x86.ActiveCfg = Debug|Win32
		{3CEF8E4D-706E-4695-9A76-D4934FF0B557}.Debug|x86.Build.0 = Debug|Win32
		{3CEF8E4D-706E-4695-9A76-D4934FF0B557}.Release|x64.ActiveCfg = Release|x64
		{3CEF8E4D-706E-4695-9A76-D4934FF0B557}.Release|x64.Build.0 = Release|x64
		{3CEF8E4D-706E-4695-9A76-D4934FF0B557}.Release|x86.ActiveCfg = Release|Win32
		{3CEF8E4D-706E-4695-9A76-D4934FF0B557}.Release|x86.Build.0 = Release|Win32
		{DC3CA697-6539-4707-B0C9-0FC6EE08CCF6}.Debug|x64.ActiveCfg = Debug|x64
		{DC3CA697-6539-4707-B0C9-0FC6EE08CCF6}.Debug|x64.Build.0 = Debug|x64
		{DC3CA697-6539-4707-B0C9-0FC6EE08CCF6}.Debug|x86.ActiveCfg = Debug|Win32
		{DC3CA697-6539-4707-B0C9-0FC6EE08CCF6}.Debug|x86.Build.0 = Debug|Win32
		{DC3CA697-6539-4707-B0C9-0FC6EE08CCF6}.Release|x64.ActiveCfg = Release|x64
		{DC3CA697-6539-4707-B0C9-0FC6EE08CCF6}.Release|x64.Build.0 = Release|x64
		{DC3CA697-6539-4707-B0C9-0FC6EE08CCF6}.Release|x86.ActiveCfg = Release|Win32
		{DC3CA697-6539-4707-B0C9-0FC6EE08CCF6}.Release|x86.Build.0 = Release|Win32
		{C304891B-08B6-440E-9408-4275B9BE218C}.Debug|x64.ActiveCfg = Debug|x64
		{C304891B-08B6-440E-9408-4275B9BE218C}.Debug|x64.Build.0 = Debug|x64
		{C304891B-08B6-440E-9408-4275B9BE218C}.Debug|x86.ActiveCfg = Debug|Win32
		{C304891B-08B6-440E-9408-4275B9BE218C}.Debug|x86.Build.0 = Debug|Win32
		{C304891B-08B6-440E-9408-4275B9BE218C}.Release|x64.ActiveCfg = Release|x64
		{C304891B-08B6-440E-9408-4275B9BE218C}.Release|x64.Build.0 = Release|x64
		{C304891B-08B6-440E-9408-4275B9BE218C}.Release|x86.ActiveCfg = Release|Win32
		{C304891B-08B6-440E-9408-4275B9BE218C}.Release|x86.Build.0 = Release|Win32
		{17B50B4F-32D8-415D-AA96-FAE5879A5F00}.Debug|x64.ActiveCfg = Debug|x64
		{17B50B4F-32D8-415D-AA96-FAE5879A5F00}.Debug|x64.Build.0 = Debug|x64
		{17B50B4F-32D8-415D-AA96-FAE5879A5F00}.Debug|x86.ActiveCfg = Debug|Win32
		{17B50B4F-32D8-415D-AA96-FAE5879A5F00}.Debug|x86.Build.0 = Debug|Win32
		{17B50B4F-32D8-415D-AA96-FAE5879A5F00}.Release|x64.ActiveCfg = Release|x64
		{17B50B4F-32D8-415D-AA96-FAE5879A5F00}.Release|x64.Build.0 = Release|x64
		{17B50B4F-32D8-415D-AA96-FAE5879A5F00}.Release|x86.ActiveCfg = Release|Win32
		{17B50B4F-32D8-415D-AA96-FAE5879A5F00}.Release|x86.Build.0 = Release|Win32
		{53336A79-48D2-497C-88F7-C9FC4CD94537}.Debug|x64.ActiveCfg = Debug|x64
		{53336A79-48D2-497C-88F7-C9FC4CD94537}.Debug|x64.Build.0 = Debug|x64
		{53336A79-48D2-497C-88F7-C9FC4CD94537}.Debug|x86.ActiveCfg = Debug|Win32
		{53336A79-48D2-497C-88F7-C9FC4CD94537}.Debug|x86.Build.0 = Debug|Win32
		{53336A79-48D2-497C-88F7-C9FC4CD94537}.Release|x64.ActiveCfg = Release|x64
		{53336A79-48D2-497C-88F7-C9FC4CD94537}.Release|x64.Build.0 = Release|x64
		{53336A79-48D2-497C-88F7-C9FC4CD94537}.Release|x86.ActiveCfg = Release|Win32
		{53336A79-48D2-497C-88F7-C9FC4CD94537}.Release|x86.Build.0 = Release|Win32
		{3BC90FE4-0E09-4518-9BE0-0E99435BD597}.Debug|x64.ActiveCfg = Debug|x64
		{3BC90FE4-0E09-4518-9BE0-0E99435BD597}.Debug|x64.Build.0 = Debug|x64
		{3BC90FE4-0E09-4518-9BE0-0E99435BD597}.Debug|x86.ActiveCfg = Debug|Win32
		{3BC90FE4-0E09-4518-9BE0-0E99435BD597}.Debug|x86.Build.0 = Debug|Win32
		{3BC90FE4-0E09-4518-9BE0-0E99435BD597}.Release|x64.ActiveCfg = Release|x64
		{3BC90FE4-0E09-4518-9BE0-0E99435BD597}.Release|x64.Build.0 = Release|x64
		{3BC90FE4-0E09-4518-9BE0-0E99435BD597}.Release|x86.ActiveCfg = Release|Win32
		{3BC90FE4-0E09-4518-9BE0-0E99435BD597}.Release|x86.Build.0 = Release|Win32
		{0ACF5B9E-48B0-4857-97BA-6A41BA3EE1A0}.Debug|x64.ActiveCfg = Debug|x64
		{0ACF5B9E-48B0-4857-97BA-6A41BA3EE1A0}.Debug|x64.Build.0 = Debug|x64
		{0ACF5B9E-48B0-4857-97BA-6A41BA3EE1A0}.Debug|x86.ActiveCfg = Debug|Win32
		{0ACF5B9E-48B0-4857-97BA-6A41BA3EE1A0}.Debug|x86.Build.0 = Debug|Win32
		{0ACF5B9E-48B0-4857-97BA-6A41BA3EE1A0}.Release|x64.ActiveCfg = Release|x64
		{0ACF5B9E-48B0-4857-97BA-6A41BA3EE1A0}.Release|x64.Build.0 = Release|x64
		{0ACF5B9E-48B0-4857-97BA-6A41BA3EE1A0}.Release|x86.ActiveCfg = Release|Win32
		{0ACF5B9E-48B0-4857-97BA-6A41BA3EE1A0}.Release|x86.Build.0 = Release|Win32
		{0C289F05-B044-4599-B2BB-F04C61E33B0B}.Debug|x64.ActiveCfg = Debug|x64
		{0C289F05-B044-4599-B2BB-F04C61E33B0B}.Debug|x64.Build.0 = Debug|x64
		{0C289F05-B044-4599-B2BB-F04C61E33B0B}.Debug|x86.ActiveCfg = Debug|Win32
		{0C289F05-B044-4599-B2BB-F04C61E33B0B}.Debug|x86.Build.0 = Debug|Win32
		{0C289F05-B044-4599-B2BB-F04C61E33B0B}.Release|x64.ActiveCfg = Release|x64
		{0C289F05-B044-4599-B2BB-F04C61E33B0B}.Release|x64.Build.0 = Release|x64
		{0C289F05-B044-4599-B2BB-F04C61E33B0B}.Release|x86.ActiveCfg = Release|Win32
		{0C289F05-B044-4599-B2BB-F04C61E33B0B}.Release|x86.Build.0 = Release|Win32
		{53DA1726-C9F1-4485-BD9E-4185BF8014AF}.Debug|x64.ActiveCfg = Debug|x64
		{53DA1726-C9F1-4485-BD9E-4185BF8014AF}.Debug|x64.Build.0 = Debug|x64
		{53DA1726-C9F1-4485-BD9E-4185BF8014AF}.Debug|x86.ActiveCfg = Debug|Win32
		{53DA1726-C9F1-4485-BD9E-4185BF8014AF}.Debug|x86.Build.0 = Debug|Win32
		{53DA1726-C9F1-4485-BD9E-4185BF8014AF}.Release|x64.ActiveCfg = Release|x64
		{53DA1726-C9F1-4485-BD9E-4185BF8014AF}.Release|x64.Build.0 = Release|x64
		{53DA1726-C9F1-4485-BD9E-4185BF8014AF}.Release|x86.ActiveCfg = Release|Win32
		{53DA1726-C9F1-4485-BD9E-4185BF8014AF}.Release|x86.Build.0 = Release|Win32
		{9157C498-EC1D-4DF6-8CB8-9440E8971121}.Debug|x64.ActiveCfg = Debug|x64
		{9157C498-EC1D-4DF6-8CB8-9440E8971121}.Debug|x64.Build.0 = Debug|x64
		{9157C498-EC1D-4DF6-8CB8-9440E8971121}.Debug|x86.ActiveCfg = Debug|Win32
		{9157C498-EC1D-4DF6-8CB8-9440E8971121}.Debug|x86.Build.0 = Debug|Win32
		{9157C498-EC1D-4DF6-8CB8-9440E8971121}.Release|x64.ActiveCfg = Release|x64
		{9157C498-EC1D-4DF6-8CB8-9440E8971121}.Release|x64.Build.0 = Release|x64
		{9157C498-EC1D-4DF6-8CB8-9440E8971121}.Release|x86.ActiveCfg = Release|Win32
		{9157C498-EC1D-4DF6-8CB8-9440E8971121}.Release|x86.Build.0 = Release|Win32
		{72FA7C36-4CB7-4034-9B7E-08C344FB62C3}.Debug|x64.ActiveCfg = Debug|x64
		{72FA7C36-4CB7-4034-9B7E-08C344FB62C3}.Debug|x64.Build.0 = Debug|x64
		{72FA7C36-4CB7-4034-9B7E-08C344FB62C3}.Debug|x86.ActiveCfg = Debug|Win32
		{72FA7C36-4CB7-4034-9B7E-08C344FB62C3}.Debug|x86.Build.0 = Debug|Win32
		{72FA7C36-4CB7-4034-9B7E-08C344FB62C3}.Release|x64.ActiveCfg = Release|x64
		{72FA7C36-4CB7-4034-9B7E-08C344FB62C3}.Release|x64.Build.0 = Release|x64
		{72FA7C36-4CB7-4034-9B7E-08C344FB62C3}.Release|x86.ActiveCfg = Release|Win32
		{72FA7C36-4CB7-4034-9B7E-08C344FB62C3}.Release|x86.Build.0 = Release|Win32
	EndGlobalSection
	GlobalSection(SolutionProperties) = preSolution
		HideSolutionNode = FALSE
	EndGlobalSection
	GlobalSection(ExtensibilityGlobals) = postSolution
		SolutionGuid = {2A56EFF8-DED0-44F3-96B2-CC8BB0354B5A}
	EndGlobalSection
EndGlobal
